<?xml version="1.0" encoding="utf-8"?>
<Project ToolsVersion="4.0" xmlns="http://schemas.microsoft.com/developer/msbuild/2003">
  <ItemGroup>
    <ApplicationDefinition Include="App.xaml" />
  </ItemGroup>
  <ItemGroup>
    <Midl Include="App.idl" />
    <Midl Include="Framework\DelegateCommand.idl">
      <Filter>Framework</Filter>
    </Midl>
    <Midl Include="ViewModels\MainViewModel.idl">
      <Filter>ViewModels</Filter>
    </Midl>
    <Midl Include="Pages\MainPage.idl" />
    <Midl Include="Framework\ScaleConverter.idl">
      <Filter>Framework</Filter>
    </Midl>
    <Midl Include="Framework\BindableBase.idl">
      <Filter>Framework</Filter>
    </Midl>
  </ItemGroup>
  <ItemGroup>
    <ClCompile Include="pch.cpp" />
    <ClCompile Include="App.cpp" />
    <ClCompile Include="Pages\MainPage.cpp" />
    <ClCompile Include="ViewModels\MainViewModel.cpp" />
    <ClCompile Include="Generated Files\module.g.cpp" />
    <ClCompile Include="Framework\BindableBase.cpp">
      <Filter>Framework</Filter>
    </ClCompile>
    <ClCompile Include="Framework\ScaleConverter.cpp">
      <Filter>Framework</Filter>
    </ClCompile>
    <ClCompile Include="Framework\DelegateCommand.cpp">
      <Filter>Framework</Filter>
    </ClCompile>
  </ItemGroup>
  <ItemGroup>
    <ClInclude Include="pch.h" />
    <ClInclude Include="App.h" />
    <ClInclude Include="Pages\MainPage.h" />
    <ClInclude Include="Framework\DelegateCommand.h" />
    <ClInclude Include="ViewModels\MainViewModel.h" />
    <ClInclude Include="Framework\ScaleConverter.h" />
    <ClInclude Include="Framework\BindableBase.h" />
  </ItemGroup>
  <ItemGroup>
    <Image Include="Assets\Wide310x150Logo.scale-200.png">
      <Filter>Assets</Filter>
    </Image>
    <Image Include="Assets\StoreLogo.png">
      <Filter>Assets</Filter>
    </Image>
    <Image Include="Assets\Square150x150Logo.scale-200.png">
      <Filter>Assets</Filter>
    </Image>
    <Image Include="Assets\Square44x44Logo.targetsize-24_altform-unplated.png">
      <Filter>Assets</Filter>
    </Image>
    <Image Include="Assets\Square44x44Logo.scale-200.png">
      <Filter>Assets</Filter>
    </Image>
    <Image Include="Assets\SplashScreen.scale-200.png">
      <Filter>Assets</Filter>
    </Image>
    <Image Include="Assets\LockScreenLogo.scale-200.png">
      <Filter>Assets</Filter>
    </Image>
  </ItemGroup>
  <ItemGroup>
    <AppxManifest Include="Package.appxmanifest" />
  </ItemGroup>
  <ItemGroup>
    <None Include="MvvmCppWinRT_TemporaryKey.pfx" />
    <None Include="packages.config" />
    <None Include="PropertySheet.props" />
  </ItemGroup>
  <ItemGroup>
    <Filter Include="Assets">
      <UniqueIdentifier>{e48dc53e-40b1-40cb-970a-f89935452892}</UniqueIdentifier>
    </Filter>
    <Filter Include="Pages">
      <UniqueIdentifier>{11406d34-6e78-41cc-8d11-234b7c92c42d}</UniqueIdentifier>
    </Filter>
    <Filter Include="Framework">
      <UniqueIdentifier>{985d5906-a4a5-48ba-8032-cb9fcee01e74}</UniqueIdentifier>
    </Filter>
    <Filter Include="ViewModels">
      <UniqueIdentifier>{e53185eb-e6a7-472d-88d7-b693ae3d35d8}</UniqueIdentifier>
    </Filter>
    <Filter Include="Controls">
      <UniqueIdentifier>{0202f3af-3bbe-41f8-8de7-36f8f720f3c3}</UniqueIdentifier>
    </Filter>
  </ItemGroup>
  <ItemGroup>
    <Text Include="readme.txt" />
  </ItemGroup>
  <ItemGroup>
    <Page Include="Pages\MainPage.xaml">
      <Filter>Pages</Filter>
    </Page>
    <Page Include="Controls\SimpleUserControl.xaml">
      <Filter>Controls</Filter>
    </Page>
  </ItemGroup>
</Project>